
Microsoft Visual Studio Solution File, Format Version 12.00
# Visual Studio Version 17
VisualStudioVersion = 17.11.35312.102
MinimumVisualStudioVersion = 10.0.40219.1
Project("{FAE04EC0-301F-11D3-BF4B-00C04F79EFBC}") = "MathGame.Maui", "MathGame.Maui\MathGame.Maui.csproj", "{C7234F5C-2FBB-4907-ABF8-18C2D0D66D0A}"
EndProject
Global
	GlobalSection(SolutionConfigurationPlatforms) = preSolution
		Debug|Any CPU = Debug|Any CPU
		Release|Any CPU = Release|Any CPU
	EndGlobalSection
	GlobalSection(ProjectConfigurationPlatforms) = postSolution
		{C7234F5C-2FBB-4907-ABF8-18C2D0D66D0A}.Debug|Any CPU.ActiveCfg = Debug|Any CPU
		{C7234F5C-2FBB-4907-ABF8-18C2D0D66D0A}.Debug|Any CPU.Build.0 = Debug|Any CPU
		{C7234F5C-2FBB-4907-ABF8-18C2D0D66D0A}.Debug|Any CPU.Deploy.0 = Debug|Any CPU
		{C7234F5C-2FBB-4907-ABF8-18C2D0D66D0A}.Release|Any CPU.ActiveCfg = Release|Any CPU
		{C7234F5C-2FBB-4907-ABF8-18C2D0D66D0A}.Release|Any CPU.Build.0 = Release|Any CPU
		{C7234F5C-2FBB-4907-ABF8-18C2D0D66D0A}.Release|Any CPU.Deploy.0 = Release|Any CPU
	EndGlobalSection
	GlobalSection(SolutionProperties) = preSolution
		HideSolutionNode = FALSE
	EndGlobalSection
	GlobalSection(ExtensibilityGlobals) = postSolution
		SolutionGuid = {808FFA49-82A4-4D92-98D4-7E34F8FDDBEB}
	EndGlobalSection
EndGlobal
